
Microsoft Visual Studio Solution File, Format Version 12.00
# Visual Studio Version 17
VisualStudioVersion = 17.10.35027.167
MinimumVisualStudioVersion = 10.0.40219.1
Project("{9A19103F-16F7-4668-BE54-9A1E7A4F7556}") = "WebData", "WebData\WebData.csproj", "{97D1E763-9189-4A79-91BC-DFAA471B3AC3}"
EndProject
Project("{9A19103F-16F7-4668-BE54-9A1E7A4F7556}") = "WebData.Objects", "WebData.Objects\WebData.Objects.csproj", "{554E1619-EB4A-4734-A76A-01937775A01C}"
EndProject
Project("{9A19103F-16F7-4668-BE54-9A1E7A4F7556}") = "WebData.Common", "WebData.Common\WebData.Common.csproj", "{920C8E08-7BDF-43BD-BA5C-D3C8D55F121D}"
EndProject
Project("{9A19103F-16F7-4668-BE54-9A1E7A4F7556}") = "WebData.App", "WebData.App\WebData.App.csproj", "{0B8C35AF-F4B1-43CF-8B09-07C38F74DB10}"
EndProject
Project("{FAE04EC0-301F-11D3-BF4B-00C04F79EFBC}") = "WebData.Backend", "WebData.Backend\WebData.Backend.csproj", "{D52F0FF2-2414-4C9C-A945-B11C738E3BD8}"
EndProject
Global
	GlobalSection(SolutionConfigurationPlatforms) = preSolution
		Debug|Any CPU = Debug|Any CPU
		Release|Any CPU = Release|Any CPU
	EndGlobalSection
	GlobalSection(ProjectConfigurationPlatforms) = postSolution
		{97D1E763-9189-4A79-91BC-DFAA471B3AC3}.Debug|Any CPU.ActiveCfg = Debug|Any CPU
		{97D1E763-9189-4A79-91BC-DFAA471B3AC3}.Debug|Any CPU.Build.0 = Debug|Any CPU
		{97D1E763-9189-4A79-91BC-DFAA471B3AC3}.Release|Any CPU.ActiveCfg = Release|Any CPU
		{97D1E763-9189-4A79-91BC-DFAA471B3AC3}.Release|Any CPU.Build.0 = Release|Any CPU
		{554E1619-EB4A-4734-A76A-01937775A01C}.Debug|Any CPU.ActiveCfg = Debug|Any CPU
		{554E1619-EB4A-4734-A76A-01937775A01C}.Debug|Any CPU.Build.0 = Debug|Any CPU
		{554E1619-EB4A-4734-A76A-01937775A01C}.Release|Any CPU.ActiveCfg = Release|Any CPU
		{554E1619-EB4A-4734-A76A-01937775A01C}.Release|Any CPU.Build.0 = Release|Any CPU
		{920C8E08-7BDF-43BD-BA5C-D3C8D55F121D}.Debug|Any CPU.ActiveCfg = Debug|Any CPU
		{920C8E08-7BDF-43BD-BA5C-D3C8D55F121D}.Debug|Any CPU.Build.0 = Debug|Any CPU
		{920C8E08-7BDF-43BD-BA5C-D3C8D55F121D}.Release|Any CPU.ActiveCfg = Release|Any CPU
		{920C8E08-7BDF-43BD-BA5C-D3C8D55F121D}.Release|Any CPU.Build.0 = Release|Any CPU
		{0B8C35AF-F4B1-43CF-8B09-07C38F74DB10}.Debug|Any CPU.ActiveCfg = Debug|Any CPU
		{0B8C35AF-F4B1-43CF-8B09-07C38F74DB10}.Debug|Any CPU.Build.0 = Debug|Any CPU
		{0B8C35AF-F4B1-43CF-8B09-07C38F74DB10}.Debug|Any CPU.Deploy.0 = Debug|Any CPU
		{0B8C35AF-F4B1-43CF-8B09-07C38F74DB10}.Release|Any CPU.ActiveCfg = Release|Any CPU
		{0B8C35AF-F4B1-43CF-8B09-07C38F74DB10}.Release|Any CPU.Build.0 = Release|Any CPU
		{0B8C35AF-F4B1-43CF-8B09-07C38F74DB10}.Release|Any CPU.Deploy.0 = Release|Any CPU
		{D52F0FF2-2414-4C9C-A945-B11C738E3BD8}.Debug|Any CPU.ActiveCfg = Debug|Any CPU
		{D52F0FF2-2414-4C9C-A945-B11C738E3BD8}.Debug|Any CPU.Build.0 = Debug|Any CPU
		{D52F0FF2-2414-4C9C-A945-B11C738E3BD8}.Release|Any CPU.ActiveCfg = Release|Any CPU
		{D52F0FF2-2414-4C9C-A945-B11C738E3BD8}.Release|Any CPU.Build.0 = Release|Any CPU
	EndGlobalSection
	GlobalSection(SolutionProperties) = preSolution
		HideSolutionNode = FALSE
	EndGlobalSection
	GlobalSection(ExtensibilityGlobals) = postSolution
		SolutionGuid = {59AB034C-2954-45D8-8187-752FBC9FEF3D}
	EndGlobalSection
EndGlobal
